
Microsoft Visual Studio Solution File, Format Version 12.00
# Visual Studio Version 16
VisualStudioVersion = 16.0.29728.190
MinimumVisualStudioVersion = 10.0.40219.1
Project("{FAE04EC0-301F-11D3-BF4B-00C04F79EFBC}") = "MVCViews", "MVCViews\MVCViews.csproj", "{5B9E9D58-D78C-42CB-A9BA-45F51C2DFF12}"
EndProject
Global
	GlobalSection(SolutionConfigurationPlatforms) = preSolution
		Debug|Any CPU = Debug|Any CPU
		Release|Any CPU = Release|Any CPU
	EndGlobalSection
	GlobalSection(ProjectConfigurationPlatforms) = postSolution
		{5B9E9D58-D78C-42CB-A9BA-45F51C2DFF12}.Debug|Any CPU.ActiveCfg = Debug|Any CPU
		{5B9E9D58-D78C-42CB-A9BA-45F51C2DFF12}.Debug|Any CPU.Build.0 = Debug|Any CPU
		{5B9E9D58-D78C-42CB-A9BA-45F51C2DFF12}.Release|Any CPU.ActiveCfg = Release|Any CPU
		{5B9E9D58-D78C-42CB-A9BA-45F51C2DFF12}.Release|Any CPU.Build.0 = Release|Any CPU
	EndGlobalSection
	GlobalSection(SolutionProperties) = preSolution
		HideSolutionNode = FALSE
	EndGlobalSection
	GlobalSection(ExtensibilityGlobals) = postSolution
		SolutionGuid = {DD0CA409-9233-4B0E-9707-19CA173470DB}
	EndGlobalSection
EndGlobal
